
Microsoft Visual Studio Solution File, Format Version 12.00
# Visual Studio Version 16
VisualStudioVersion = 16.0.30011.22
MinimumVisualStudioVersion = 10.0.40219.1
Project("{2150E333-8FDC-42A3-9474-1A3956D46DE8}") = "Solution Items", "Solution Items", "{F3E81B47-B39E-47F1-81C7-FA621D498094}"
	ProjectSection(SolutionItems) = preProject
		.github\workflows\deploy.yml = .github\workflows\deploy.yml
		.github\workflows\dotnetcore.yml = .github\workflows\dotnetcore.yml
		README.md = README.md
	EndProjectSection
EndProject
Project("{9A19103F-16F7-4668-BE54-9A1E7A4F7556}") = "SoftPosit.Net", "src\SoftPosit.Net\SoftPosit.Net.csproj", "{782C2B83-A0F5-4149-87BB-437E64DBBB9F}"
EndProject
Project("{9A19103F-16F7-4668-BE54-9A1E7A4F7556}") = "SoftPosit.Tests", "src\SoftPosit.Tests\SoftPosit.Tests.csproj", "{9957D55B-2425-43CD-8B11-4D66F2F470FF}"
EndProject
Global
	GlobalSection(SolutionConfigurationPlatforms) = preSolution
		Debug|Any CPU = Debug|Any CPU
		Release|Any CPU = Release|Any CPU
	EndGlobalSection
	GlobalSection(ProjectConfigurationPlatforms) = postSolution
		{782C2B83-A0F5-4149-87BB-437E64DBBB9F}.Debug|Any CPU.ActiveCfg = Debug|Any CPU
		{782C2B83-A0F5-4149-87BB-437E64DBBB9F}.Debug|Any CPU.Build.0 = Debug|Any CPU
		{782C2B83-A0F5-4149-87BB-437E64DBBB9F}.Release|Any CPU.ActiveCfg = Release|Any CPU
		{782C2B83-A0F5-4149-87BB-437E64DBBB9F}.Release|Any CPU.Build.0 = Release|Any CPU
		{9957D55B-2425-43CD-8B11-4D66F2F470FF}.Debug|Any CPU.ActiveCfg = Debug|Any CPU
		{9957D55B-2425-43CD-8B11-4D66F2F470FF}.Debug|Any CPU.Build.0 = Debug|Any CPU
		{9957D55B-2425-43CD-8B11-4D66F2F470FF}.Release|Any CPU.ActiveCfg = Release|Any CPU
		{9957D55B-2425-43CD-8B11-4D66F2F470FF}.Release|Any CPU.Build.0 = Release|Any CPU
	EndGlobalSection
	GlobalSection(SolutionProperties) = preSolution
		HideSolutionNode = FALSE
	EndGlobalSection
	GlobalSection(ExtensibilityGlobals) = postSolution
		SolutionGuid = {A908F0FB-2569-411E-8819-5329F10DA5F5}
	EndGlobalSection
EndGlobal
